
Microsoft Visual Studio Solution File, Format Version 12.00
# Visual Studio 15
VisualStudioVersion = 15.0.28307.168
MinimumVisualStudioVersion = 10.0.40219.1
Project("{FAE04EC0-301F-11D3-BF4B-00C04F79EFBC}") = "IphoneCatpureTools", "IphoneCatpureTools\IphoneCatpureTools.csproj", "{7E35463E-B098-4066-8BDC-87B38F564D92}"
EndProject
Global
	GlobalSection(SolutionConfigurationPlatforms) = preSolution
		Debug|Any CPU = Debug|Any CPU
		Release|Any CPU = Release|Any CPU
	EndGlobalSection
	GlobalSection(ProjectConfigurationPlatforms) = postSolution
		{7E35463E-B098-4066-8BDC-87B38F564D92}.Debug|Any CPU.ActiveCfg = Debug|Any CPU
		{7E35463E-B098-4066-8BDC-87B38F564D92}.Debug|Any CPU.Build.0 = Debug|Any CPU
		{7E35463E-B098-4066-8BDC-87B38F564D92}.Release|Any CPU.ActiveCfg = Release|Any CPU
		{7E35463E-B098-4066-8BDC-87B38F564D92}.Release|Any CPU.Build.0 = Release|Any CPU
	EndGlobalSection
	GlobalSection(SolutionProperties) = preSolution
		HideSolutionNode = FALSE
	EndGlobalSection
	GlobalSection(ExtensibilityGlobals) = postSolution
		SolutionGuid = {95B5E99A-5378-4498-AC83-F29741E89742}
	EndGlobalSection
EndGlobal
